// !$*UTF8*$!
{
	archiveVersion = 1;
	classes = {
	};
	objectVersion = 56;
	objects = {

/* Begin PBXBuildFile section */
		4334CB6C61591FECE9DB6B7D /* Pods_doable.framework in Frameworks */ = {isa = PBXBuildFile; fileRef = B32CF5D0854959E47221A818 /* Pods_doable.framework */; };
		671932912BFA5480002E416E /* CategoryFormViewController.swift in Sources */ = {isa = PBXBuildFile; fileRef = 671932902BFA5480002E416E /* CategoryFormViewController.swift */; };
		676BFF452BFA24F200773578 /* ToDoListItemViewController.swift in Sources */ = {isa = PBXBuildFile; fileRef = 676BFF442BFA24F200773578 /* ToDoListItemViewController.swift */; };
		677163812BFCFEC0008D78BA /* FormModalControllerDelegate.swift in Sources */ = {isa = PBXBuildFile; fileRef = 677163802BFCFEC0008D78BA /* FormModalControllerDelegate.swift */; };
		677163842BFD633E008D78BA /* CategoryCell.swift in Sources */ = {isa = PBXBuildFile; fileRef = 677163822BFD633E008D78BA /* CategoryCell.swift */; };
		677163852BFD633E008D78BA /* CategoryCell.xib in Resources */ = {isa = PBXBuildFile; fileRef = 677163832BFD633E008D78BA /* CategoryCell.xib */; };
		677163882BFF3A42008D78BA /* ToDoItemCell.xib in Resources */ = {isa = PBXBuildFile; fileRef = 677163872BFF3A42008D78BA /* ToDoItemCell.xib */; };
		677163892BFF3A42008D78BA /* ToDoItemCell.swift in Sources */ = {isa = PBXBuildFile; fileRef = 677163862BFF3A42008D78BA /* ToDoItemCell.swift */; };
		6771638B2BFF7A17008D78BA /* ToDoItemFormViewController.swift in Sources */ = {isa = PBXBuildFile; fileRef = 6771638A2BFF7A17008D78BA /* ToDoItemFormViewController.swift */; };
		6784A7BF2BF17BC300009D69 /* CategoryViewController.swift in Sources */ = {isa = PBXBuildFile; fileRef = 6784A7BE2BF17BC300009D69 /* CategoryViewController.swift */; };
		67B972972BFA09F800D5C0EC /* CategoryListViewController.swift in Sources */ = {isa = PBXBuildFile; fileRef = 67B972962BFA09F800D5C0EC /* CategoryListViewController.swift */; };
		67FAAC2B2BD86CB000F61F7F /* AppDelegate.swift in Sources */ = {isa = PBXBuildFile; fileRef = 67FAAC2A2BD86CB000F61F7F /* AppDelegate.swift */; };
		67FAAC2D2BD86CB000F61F7F /* SceneDelegate.swift in Sources */ = {isa = PBXBuildFile; fileRef = 67FAAC2C2BD86CB000F61F7F /* SceneDelegate.swift */; };
		67FAAC2F2BD86CB000F61F7F /* ToDoListViewController.swift in Sources */ = {isa = PBXBuildFile; fileRef = 67FAAC2E2BD86CB000F61F7F /* ToDoListViewController.swift */; };
		67FAAC322BD86CB000F61F7F /* Base in Resources */ = {isa = PBXBuildFile; fileRef = 67FAAC312BD86CB000F61F7F /* Base */; };
		67FAAC352BD86CB000F61F7F /* doable.xcdatamodeld in Sources */ = {isa = PBXBuildFile; fileRef = 67FAAC332BD86CB000F61F7F /* doable.xcdatamodeld */; };
		67FAAC372BD86CB200F61F7F /* Assets.xcassets in Resources */ = {isa = PBXBuildFile; fileRef = 67FAAC362BD86CB200F61F7F /* Assets.xcassets */; };
		67FAAC3A2BD86CB200F61F7F /* Base in Resources */ = {isa = PBXBuildFile; fileRef = 67FAAC392BD86CB200F61F7F /* Base */; };
/* End PBXBuildFile section */

/* Begin PBXFileReference section */
		671932902BFA5480002E416E /* CategoryFormViewController.swift */ = {isa = PBXFileReference; lastKnownFileType = sourcecode.swift; path = CategoryFormViewController.swift; sourceTree = "<group>"; };
		676BFF442BFA24F200773578 /* ToDoListItemViewController.swift */ = {isa = PBXFileReference; lastKnownFileType = sourcecode.swift; path = ToDoListItemViewController.swift; sourceTree = "<group>"; };
		677163802BFCFEC0008D78BA /* FormModalControllerDelegate.swift */ = {isa = PBXFileReference; lastKnownFileType = sourcecode.swift; path = FormModalControllerDelegate.swift; sourceTree = "<group>"; };
		677163822BFD633E008D78BA /* CategoryCell.swift */ = {isa = PBXFileReference; lastKnownFileType = sourcecode.swift; path = CategoryCell.swift; sourceTree = "<group>"; };
		677163832BFD633E008D78BA /* CategoryCell.xib */ = {isa = PBXFileReference; lastKnownFileType = file.xib; path = CategoryCell.xib; sourceTree = "<group>"; };
		677163862BFF3A42008D78BA /* ToDoItemCell.swift */ = {isa = PBXFileReference; lastKnownFileType = sourcecode.swift; path = ToDoItemCell.swift; sourceTree = "<group>"; };
		677163872BFF3A42008D78BA /* ToDoItemCell.xib */ = {isa = PBXFileReference; lastKnownFileType = file.xib; path = ToDoItemCell.xib; sourceTree = "<group>"; };
		6771638A2BFF7A17008D78BA /* ToDoItemFormViewController.swift */ = {isa = PBXFileReference; lastKnownFileType = sourcecode.swift; path = ToDoItemFormViewController.swift; sourceTree = "<group>"; };
		6784A7BE2BF17BC300009D69 /* CategoryViewController.swift */ = {isa = PBXFileReference; lastKnownFileType = sourcecode.swift; path = CategoryViewController.swift; sourceTree = "<group>"; };
		67B972962BFA09F800D5C0EC /* CategoryListViewController.swift */ = {isa = PBXFileReference; lastKnownFileType = sourcecode.swift; path = CategoryListViewController.swift; sourceTree = "<group>"; };
		67FAAC272BD86CB000F61F7F /* doable.app */ = {isa = PBXFileReference; explicitFileType = wrapper.application; includeInIndex = 0; path = doable.app; sourceTree = BUILT_PRODUCTS_DIR; };
		67FAAC2A2BD86CB000F61F7F /* AppDelegate.swift */ = {isa = PBXFileReference; lastKnownFileType = sourcecode.swift; path = AppDelegate.swift; sourceTree = "<group>"; };
		67FAAC2C2BD86CB000F61F7F /* SceneDelegate.swift */ = {isa = PBXFileReference; lastKnownFileType = sourcecode.swift; path = SceneDelegate.swift; sourceTree = "<group>"; };
		67FAAC2E2BD86CB000F61F7F /* ToDoListViewController.swift */ = {isa = PBXFileReference; lastKnownFileType = sourcecode.swift; path = ToDoListViewController.swift; sourceTree = "<group>"; };
		67FAAC312BD86CB000F61F7F /* Base */ = {isa = PBXFileReference; lastKnownFileType = file.storyboard; name = Base; path = Base.lproj/Main.storyboard; sourceTree = "<group>"; };
		67FAAC342BD86CB000F61F7F /* doable.xcdatamodel */ = {isa = PBXFileReference; lastKnownFileType = wrapper.xcdatamodel; path = doable.xcdatamodel; sourceTree = "<group>"; };
		67FAAC362BD86CB200F61F7F /* Assets.xcassets */ = {isa = PBXFileReference; lastKnownFileType = folder.assetcatalog; path = Assets.xcassets; sourceTree = "<group>"; };
		67FAAC392BD86CB200F61F7F /* Base */ = {isa = PBXFileReference; lastKnownFileType = file.storyboard; name = Base; path = Base.lproj/LaunchScreen.storyboard; sourceTree = "<group>"; };
		67FAAC3B2BD86CB200F61F7F /* Info.plist */ = {isa = PBXFileReference; lastKnownFileType = text.plist.xml; path = Info.plist; sourceTree = "<group>"; };
		9F99723E7F947E3E7D0B1885 /* Pods-doable.release.xcconfig */ = {isa = PBXFileReference; includeInIndex = 1; lastKnownFileType = text.xcconfig; name = "Pods-doable.release.xcconfig"; path = "Target Support Files/Pods-doable/Pods-doable.release.xcconfig"; sourceTree = "<group>"; };
		B32CF5D0854959E47221A818 /* Pods_doable.framework */ = {isa = PBXFileReference; explicitFileType = wrapper.framework; includeInIndex = 0; path = Pods_doable.framework; sourceTree = BUILT_PRODUCTS_DIR; };
		DEEE9ABF67AD2AEE88214767 /* Pods-doable.debug.xcconfig */ = {isa = PBXFileReference; includeInIndex = 1; lastKnownFileType = text.xcconfig; name = "Pods-doable.debug.xcconfig"; path = "Target Support Files/Pods-doable/Pods-doable.debug.xcconfig"; sourceTree = "<group>"; };
/* End PBXFileReference section */

/* Begin PBXFrameworksBuildPhase section */
		67FAAC242BD86CB000F61F7F /* Frameworks */ = {
			isa = PBXFrameworksBuildPhase;
			buildActionMask = 2147483647;
			files = (
				4334CB6C61591FECE9DB6B7D /* Pods_doable.framework in Frameworks */,
			);
			runOnlyForDeploymentPostprocessing = 0;
		};
/* End PBXFrameworksBuildPhase section */

/* Begin PBXGroup section */
		2572B1A1B56D0443E5377490 /* Frameworks */ = {
			isa = PBXGroup;
			children = (
				B32CF5D0854959E47221A818 /* Pods_doable.framework */,
			);
			name = Frameworks;
			sourceTree = "<group>";
		};
		6784A7BB2BEA7CFA00009D69 /* Models */ = {
			isa = PBXGroup;
			children = (
				67FAAC332BD86CB000F61F7F /* doable.xcdatamodeld */,
				677163802BFCFEC0008D78BA /* FormModalControllerDelegate.swift */,
			);
			path = Models;
			sourceTree = "<group>";
		};
		6784A7BC2BEA7D1E00009D69 /* Views */ = {
			isa = PBXGroup;
			children = (
				67FAAC302BD86CB000F61F7F /* Main.storyboard */,
				67FAAC382BD86CB200F61F7F /* LaunchScreen.storyboard */,
				677163822BFD633E008D78BA /* CategoryCell.swift */,
				677163832BFD633E008D78BA /* CategoryCell.xib */,
				677163862BFF3A42008D78BA /* ToDoItemCell.swift */,
				677163872BFF3A42008D78BA /* ToDoItemCell.xib */,
			);
			path = Views;
			sourceTree = "<group>";
		};
		6784A7BD2BEA7D3B00009D69 /* Controller */ = {
			isa = PBXGroup;
			children = (
				67FAAC2E2BD86CB000F61F7F /* ToDoListViewController.swift */,
				6784A7BE2BF17BC300009D69 /* CategoryViewController.swift */,
				67B972962BFA09F800D5C0EC /* CategoryListViewController.swift */,
				676BFF442BFA24F200773578 /* ToDoListItemViewController.swift */,
				671932902BFA5480002E416E /* CategoryFormViewController.swift */,
				6771638A2BFF7A17008D78BA /* ToDoItemFormViewController.swift */,
			);
			path = Controller;
			sourceTree = "<group>";
		};
		67FAAC1E2BD86CB000F61F7F = {
			isa = PBXGroup;
			children = (
				67FAAC292BD86CB000F61F7F /* doable */,
				67FAAC282BD86CB000F61F7F /* Products */,
				B3EC4F1348576FBB76353A9A /* Pods */,
				2572B1A1B56D0443E5377490 /* Frameworks */,
			);
			sourceTree = "<group>";
		};
		67FAAC282BD86CB000F61F7F /* Products */ = {
			isa = PBXGroup;
			children = (
				67FAAC272BD86CB000F61F7F /* doable.app */,
			);
			name = Products;
			sourceTree = "<group>";
		};
		67FAAC292BD86CB000F61F7F /* doable */ = {
			isa = PBXGroup;
			children = (
				67FAAC2A2BD86CB000F61F7F /* AppDelegate.swift */,
				67FAAC2C2BD86CB000F61F7F /* SceneDelegate.swift */,
				6784A7BB2BEA7CFA00009D69 /* Models */,
				6784A7BC2BEA7D1E00009D69 /* Views */,
				6784A7BD2BEA7D3B00009D69 /* Controller */,
				67FAAC362BD86CB200F61F7F /* Assets.xcassets */,
				67FAAC3B2BD86CB200F61F7F /* Info.plist */,
			);
			path = doable;
			sourceTree = "<group>";
		};
		B3EC4F1348576FBB76353A9A /* Pods */ = {
			isa = PBXGroup;
			children = (
				DEEE9ABF67AD2AEE88214767 /* Pods-doable.debug.xcconfig */,
				9F99723E7F947E3E7D0B1885 /* Pods-doable.release.xcconfig */,
			);
			path = Pods;
			sourceTree = "<group>";
		};
/* End PBXGroup section */

/* Begin PBXNativeTarget section */
		67FAAC262BD86CB000F61F7F /* doable */ = {
			isa = PBXNativeTarget;
			buildConfigurationList = 67FAAC3E2BD86CB200F61F7F /* Build configuration list for PBXNativeTarget "doable" */;
			buildPhases = (
				B95D84ECB8A75F7F3477A59D /* [CP] Check Pods Manifest.lock */,
				67FAAC232BD86CB000F61F7F /* Sources */,
				67FAAC242BD86CB000F61F7F /* Frameworks */,
				67FAAC252BD86CB000F61F7F /* Resources */,
				4315A23C5CF9895F84A3840B /* [CP] Embed Pods Frameworks */,
			);
			buildRules = (
			);
			dependencies = (
			);
			name = doable;
			productName = doable;
			productReference = 67FAAC272BD86CB000F61F7F /* doable.app */;
			productType = "com.apple.product-type.application";
		};
/* End PBXNativeTarget section */

/* Begin PBXProject section */
		67FAAC1F2BD86CB000F61F7F /* Project object */ = {
			isa = PBXProject;
			attributes = {
				BuildIndependentTargetsInParallel = 1;
				LastSwiftUpdateCheck = 1530;
				LastUpgradeCheck = 1530;
				TargetAttributes = {
					67FAAC262BD86CB000F61F7F = {
						CreatedOnToolsVersion = 15.3;
					};
				};
			};
			buildConfigurationList = 67FAAC222BD86CB000F61F7F /* Build configuration list for PBXProject "doable" */;
			compatibilityVersion = "Xcode 14.0";
			developmentRegion = en;
			hasScannedForEncodings = 0;
			knownRegions = (
				en,
				Base,
			);
			mainGroup = 67FAAC1E2BD86CB000F61F7F;
			productRefGroup = 67FAAC282BD86CB000F61F7F /* Products */;
			projectDirPath = "";
			projectRoot = "";
			targets = (
				67FAAC262BD86CB000F61F7F /* doable */,
			);
		};
/* End PBXProject section */

/* Begin PBXResourcesBuildPhase section */
		67FAAC252BD86CB000F61F7F /* Resources */ = {
			isa = PBXResourcesBuildPhase;
			buildActionMask = 2147483647;
			files = (
				67FAAC372BD86CB200F61F7F /* Assets.xcassets in Resources */,
				677163882BFF3A42008D78BA /* ToDoItemCell.xib in Resources */,
				67FAAC3A2BD86CB200F61F7F /* Base in Resources */,
				67FAAC322BD86CB000F61F7F /* Base in Resources */,
				677163852BFD633E008D78BA /* CategoryCell.xib in Resources */,
			);
			runOnlyForDeploymentPostprocessing = 0;
		};
/* End PBXResourcesBuildPhase section */

/* Begin PBXShellScriptBuildPhase section */
		4315A23C5CF9895F84A3840B /* [CP] Embed Pods Frameworks */ = {
			isa = PBXShellScriptBuildPhase;
			buildActionMask = 2147483647;
			files = (
			);
			inputFileListPaths = (
				"${PODS_ROOT}/Target Support Files/Pods-doable/Pods-doable-frameworks-${CONFIGURATION}-input-files.xcfilelist",
			);
			name = "[CP] Embed Pods Frameworks";
			outputFileListPaths = (
				"${PODS_ROOT}/Target Support Files/Pods-doable/Pods-doable-frameworks-${CONFIGURATION}-output-files.xcfilelist",
			);
			runOnlyForDeploymentPostprocessing = 0;
			shellPath = /bin/sh;
			shellScript = "\"${PODS_ROOT}/Target Support Files/Pods-doable/Pods-doable-frameworks.sh\"\n";
			showEnvVarsInLog = 0;
		};
		B95D84ECB8A75F7F3477A59D /* [CP] Check Pods Manifest.lock */ = {
			isa = PBXShellScriptBuildPhase;
			buildActionMask = 2147483647;
			files = (
			);
			inputFileListPaths = (
			);
			inputPaths = (
				"${PODS_PODFILE_DIR_PATH}/Podfile.lock",
				"${PODS_ROOT}/Manifest.lock",
			);
			name = "[CP] Check Pods Manifest.lock";
			outputFileListPaths = (
			);
			outputPaths = (
				"$(DERIVED_FILE_DIR)/Pods-doable-checkManifestLockResult.txt",
			);
			runOnlyForDeploymentPostprocessing = 0;
			shellPath = /bin/sh;
			shellScript = "diff \"${PODS_PODFILE_DIR_PATH}/Podfile.lock\" \"${PODS_ROOT}/Manifest.lock\" > /dev/null\nif [ $? != 0 ] ; then\n    # print error to STDERR\n    echo \"error: The sandbox is not in sync with the Podfile.lock. Run 'pod install' or update your CocoaPods installation.\" >&2\n    exit 1\nfi\n# This output is used by Xcode 'outputs' to avoid re-running this script phase.\necho \"SUCCESS\" > \"${SCRIPT_OUTPUT_FILE_0}\"\n";
			showEnvVarsInLog = 0;
		};
/* End PBXShellScriptBuildPhase section */

/* Begin PBXSourcesBuildPhase section */
		67FAAC232BD86CB000F61F7F /* Sources */ = {
			isa = PBXSourcesBuildPhase;
			buildActionMask = 2147483647;
			files = (
				671932912BFA5480002E416E /* CategoryFormViewController.swift in Sources */,
				6784A7BF2BF17BC300009D69 /* CategoryViewController.swift in Sources */,
				67FAAC2F2BD86CB000F61F7F /* ToDoListViewController.swift in Sources */,
				67B972972BFA09F800D5C0EC /* CategoryListViewController.swift in Sources */,
				67FAAC2B2BD86CB000F61F7F /* AppDelegate.swift in Sources */,
				67FAAC352BD86CB000F61F7F /* doable.xcdatamodeld in Sources */,
				677163812BFCFEC0008D78BA /* FormModalControllerDelegate.swift in Sources */,
				677163842BFD633E008D78BA /* CategoryCell.swift in Sources */,
				677163892BFF3A42008D78BA /* ToDoItemCell.swift in Sources */,
				676BFF452BFA24F200773578 /* ToDoListItemViewController.swift in Sources */,
				6771638B2BFF7A17008D78BA /* ToDoItemFormViewController.swift in Sources */,
				67FAAC2D2BD86CB000F61F7F /* SceneDelegate.swift in Sources */,
			);
			runOnlyForDeploymentPostprocessing = 0;
		};
/* End PBXSourcesBuildPhase section */

/* Begin PBXVariantGroup section */
		67FAAC302BD86CB000F61F7F /* Main.storyboard */ = {
			isa = PBXVariantGroup;
			children = (
				67FAAC312BD86CB000F61F7F /* Base */,
			);
			name = Main.storyboard;
			sourceTree = "<group>";
		};
		67FAAC382BD86CB200F61F7F /* LaunchScreen.storyboard */ = {
			isa = PBXVariantGroup;
			children = (
				67FAAC392BD86CB200F61F7F /* Base */,
			);
			name = LaunchScreen.storyboard;
			sourceTree = "<group>";
		};
/* End PBXVariantGroup section */

/* Begin XCBuildConfiguration section */
		67FAAC3C2BD86CB200F61F7F /* Debug */ = {
			isa = XCBuildConfiguration;
			buildSettings = {
				ALWAYS_SEARCH_USER_PATHS = NO;
				ASSETCATALOG_COMPILER_GENERATE_SWIFT_ASSET_SYMBOL_EXTENSIONS = YES;
				CLANG_ANALYZER_NONNULL = YES;
				CLANG_ANALYZER_NUMBER_OBJECT_CONVERSION = YES_AGGRESSIVE;
				CLANG_CXX_LANGUAGE_STANDARD = "gnu++20";
				CLANG_ENABLE_MODULES = YES;
				CLANG_ENABLE_OBJC_ARC = YES;
				CLANG_ENABLE_OBJC_WEAK = YES;
				CLANG_WARN_BLOCK_CAPTURE_AUTORELEASING = YES;
				CLANG_WARN_BOOL_CONVERSION = YES;
				CLANG_WARN_COMMA = YES;
				CLANG_WARN_CONSTANT_CONVERSION = YES;
				CLANG_WARN_DEPRECATED_OBJC_IMPLEMENTATIONS = YES;
				CLANG_WARN_DIRECT_OBJC_ISA_USAGE = YES_ERROR;
				CLANG_WARN_DOCUMENTATION_COMMENTS = YES;
				CLANG_WARN_EMPTY_BODY = YES;
				CLANG_WARN_ENUM_CONVERSION = YES;
				CLANG_WARN_INFINITE_RECURSION = YES;
				CLANG_WARN_INT_CONVERSION = YES;
				CLANG_WARN_NON_LITERAL_NULL_CONVERSION = YES;
				CLANG_WARN_OBJC_IMPLICIT_RETAIN_SELF = YES;
				CLANG_WARN_OBJC_LITERAL_CONVERSION = YES;
				CLANG_WARN_OBJC_ROOT_CLASS = YES_ERROR;
				CLANG_WARN_QUOTED_INCLUDE_IN_FRAMEWORK_HEADER = YES;
				CLANG_WARN_RANGE_LOOP_ANALYSIS = YES;
				CLANG_WARN_STRICT_PROTOTYPES = YES;
				CLANG_WARN_SUSPICIOUS_MOVE = YES;
				CLANG_WARN_UNGUARDED_AVAILABILITY = YES_AGGRESSIVE;
				CLANG_WARN_UNREACHABLE_CODE = YES;
				CLANG_WARN__DUPLICATE_METHOD_MATCH = YES;
				COPY_PHASE_STRIP = NO;
				DEBUG_INFORMATION_FORMAT = dwarf;
				ENABLE_STRICT_OBJC_MSGSEND = YES;
				ENABLE_TESTABILITY = YES;
				ENABLE_USER_SCRIPT_SANDBOXING = YES;
				GCC_C_LANGUAGE_STANDARD = gnu17;
				GCC_DYNAMIC_NO_PIC = NO;
				GCC_NO_COMMON_BLOCKS = YES;
				GCC_OPTIMIZATION_LEVEL = 0;
				GCC_PREPROCESSOR_DEFINITIONS = (
					"DEBUG=1",
					"$(inherited)",
				);
				GCC_WARN_64_TO_32_BIT_CONVERSION = YES;
				GCC_WARN_ABOUT_RETURN_TYPE = YES_ERROR;
				GCC_WARN_UNDECLARED_SELECTOR = YES;
				GCC_WARN_UNINITIALIZED_AUTOS = YES_AGGRESSIVE;
				GCC_WARN_UNUSED_FUNCTION = YES;
				GCC_WARN_UNUSED_VARIABLE = YES;
				IPHONEOS_DEPLOYMENT_TARGET = 17.4;
				LOCALIZATION_PREFERS_STRING_CATALOGS = YES;
				MTL_ENABLE_DEBUG_INFO = INCLUDE_SOURCE;
				MTL_FAST_MATH = YES;
				ONLY_ACTIVE_ARCH = YES;
				SDKROOT = iphoneos;
				SWIFT_ACTIVE_COMPILATION_CONDITIONS = "DEBUG $(inherited)";
				SWIFT_OPTIMIZATION_LEVEL = "-Onone";
			};
			name = Debug;
		};
		67FAAC3D2BD86CB200F61F7F /* Release */ = {
			isa = XCBuildConfiguration;
			buildSettings = {
				ALWAYS_SEARCH_USER_PATHS = NO;
				ASSETCATALOG_COMPILER_GENERATE_SWIFT_ASSET_SYMBOL_EXTENSIONS = YES;
				CLANG_ANALYZER_NONNULL = YES;
				CLANG_ANALYZER_NUMBER_OBJECT_CONVERSION = YES_AGGRESSIVE;
				CLANG_CXX_LANGUAGE_STANDARD = "gnu++20";
				CLANG_ENABLE_MODULES = YES;
				CLANG_ENABLE_OBJC_ARC = YES;
				CLANG_ENABLE_OBJC_WEAK = YES;
				CLANG_WARN_BLOCK_CAPTURE_AUTORELEASING = YES;
				CLANG_WARN_BOOL_CONVERSION = YES;
				CLANG_WARN_COMMA = YES;
				CLANG_WARN_CONSTANT_CONVERSION = YES;
				CLANG_WARN_DEPRECATED_OBJC_IMPLEMENTATIONS = YES;
				CLANG_WARN_DIRECT_OBJC_ISA_USAGE = YES_ERROR;
				CLANG_WARN_DOCUMENTATION_COMMENTS = YES;
				CLANG_WARN_EMPTY_BODY = YES;
				CLANG_WARN_ENUM_CONVERSION = YES;
				CLANG_WARN_INFINITE_RECURSION = YES;
				CLANG_WARN_INT_CONVERSION = YES;
				CLANG_WARN_NON_LITERAL_NULL_CONVERSION = YES;
				CLANG_WARN_OBJC_IMPLICIT_RETAIN_SELF = YES;
				CLANG_WARN_OBJC_LITERAL_CONVERSION = YES;
				CLANG_WARN_OBJC_ROOT_CLASS = YES_ERROR;
				CLANG_WARN_QUOTED_INCLUDE_IN_FRAMEWORK_HEADER = YES;
				CLANG_WARN_RANGE_LOOP_ANALYSIS = YES;
				CLANG_WARN_STRICT_PROTOTYPES = YES;
				CLANG_WARN_SUSPICIOUS_MOVE = YES;
				CLANG_WARN_UNGUARDED_AVAILABILITY = YES_AGGRESSIVE;
				CLANG_WARN_UNREACHABLE_CODE = YES;
				CLANG_WARN__DUPLICATE_METHOD_MATCH = YES;
				COPY_PHASE_STRIP = NO;
				DEBUG_INFORMATION_FORMAT = "dwarf-with-dsym";
				ENABLE_NS_ASSERTIONS = NO;
				ENABLE_STRICT_OBJC_MSGSEND = YES;
				ENABLE_USER_SCRIPT_SANDBOXING = YES;
				GCC_C_LANGUAGE_STANDARD = gnu17;
				GCC_NO_COMMON_BLOCKS = YES;
				GCC_WARN_64_TO_32_BIT_CONVERSION = YES;
				GCC_WARN_ABOUT_RETURN_TYPE = YES_ERROR;
				GCC_WARN_UNDECLARED_SELECTOR = YES;
				GCC_WARN_UNINITIALIZED_AUTOS = YES_AGGRESSIVE;
				GCC_WARN_UNUSED_FUNCTION = YES;
				GCC_WARN_UNUSED_VARIABLE = YES;
				IPHONEOS_DEPLOYMENT_TARGET = 17.4;
				LOCALIZATION_PREFERS_STRING_CATALOGS = YES;
				MTL_ENABLE_DEBUG_INFO = NO;
				MTL_FAST_MATH = YES;
				SDKROOT = iphoneos;
				SWIFT_COMPILATION_MODE = wholemodule;
				VALIDATE_PRODUCT = YES;
			};
			name = Release;
		};
		67FAAC3F2BD86CB200F61F7F /* Debug */ = {
			isa = XCBuildConfiguration;
			baseConfigurationReference = DEEE9ABF67AD2AEE88214767 /* Pods-doable.debug.xcconfig */;
			buildSettings = {
				ASSETCATALOG_COMPILER_APPICON_NAME = AppIcon;
				ASSETCATALOG_COMPILER_GLOBAL_ACCENT_COLOR_NAME = AccentColor;
				CODE_SIGN_STYLE = Automatic;
				CURRENT_PROJECT_VERSION = 1;
				DEVELOPMENT_TEAM = F64CG297K7;
				ENABLE_USER_SCRIPT_SANDBOXING = NO;
				GENERATE_INFOPLIST_FILE = YES;
				INFOPLIST_FILE = doable/Info.plist;
				INFOPLIST_KEY_CFBundleDisplayName = doable;
				INFOPLIST_KEY_LSApplicationCategoryType = "public.app-category.productivity";
				INFOPLIST_KEY_UIApplicationSupportsIndirectInputEvents = YES;
				INFOPLIST_KEY_UILaunchStoryboardName = LaunchScreen;
				INFOPLIST_KEY_UIMainStoryboardFile = Main;
				INFOPLIST_KEY_UISupportedInterfaceOrientations = UIInterfaceOrientationPortrait;
				IPHONEOS_DEPLOYMENT_TARGET = 14.0;
				LD_RUNPATH_SEARCH_PATHS = (
					"$(inherited)",
					"@executable_path/Frameworks",
				);
				MARKETING_VERSION = 1.0;
				PRODUCT_BUNDLE_IDENTIFIER = com.evanlokajaya.doable;
				PRODUCT_NAME = "$(TARGET_NAME)";
				SWIFT_EMIT_LOC_STRINGS = YES;
				SWIFT_VERSION = 5.0;
				TARGETED_DEVICE_FAMILY = "1,2";
			};
			name = Debug;
		};
		67FAAC402BD86CB200F61F7F /* Release */ = {
			isa = XCBuildConfiguration;
			baseConfigurationReference = 9F99723E7F947E3E7D0B1885 /* Pods-doable.release.xcconfig */;
			buildSettings = {
				ASSETCATALOG_COMPILER_APPICON_NAME = AppIcon;
				ASSETCATALOG_COMPILER_GLOBAL_ACCENT_COLOR_NAME = AccentColor;
				CODE_SIGN_STYLE = Automatic;
				CURRENT_PROJECT_VERSION = 1;
				DEVELOPMENT_TEAM = F64CG297K7;
				ENABLE_USER_SCRIPT_SANDBOXING = NO;
				GENERATE_INFOPLIST_FILE = YES;
				INFOPLIST_FILE = doable/Info.plist;
				INFOPLIST_KEY_CFBundleDisplayName = doable;
				INFOPLIST_KEY_LSApplicationCategoryType = "public.app-category.productivity";
				INFOPLIST_KEY_UIApplicationSupportsIndirectInputEvents = YES;
				INFOPLIST_KEY_UILaunchStoryboardName = LaunchScreen;
				INFOPLIST_KEY_UIMainStoryboardFile = Main;
				INFOPLIST_KEY_UISupportedInterfaceOrientations = UIInterfaceOrientationPortrait;
				IPHONEOS_DEPLOYMENT_TARGET = 14.0;
				LD_RUNPATH_SEARCH_PATHS = (
					"$(inherited)",
					"@executable_path/Frameworks",
				);
				MARKETING_VERSION = 1.0;
				PRODUCT_BUNDLE_IDENTIFIER = com.evanlokajaya.doable;
				PRODUCT_NAME = "$(TARGET_NAME)";
				SWIFT_EMIT_LOC_STRINGS = YES;
				SWIFT_VERSION = 5.0;
				TARGETED_DEVICE_FAMILY = "1,2";
			};
			name = Release;
		};
/* End XCBuildConfiguration section */

/* Begin XCConfigurationList section */
		67FAAC222BD86CB000F61F7F /* Build configuration list for PBXProject "doable" */ = {
			isa = XCConfigurationList;
			buildConfigurations = (
				67FAAC3C2BD86CB200F61F7F /* Debug */,
				67FAAC3D2BD86CB200F61F7F /* Release */,
			);
			defaultConfigurationIsVisible = 0;
			defaultConfigurationName = Release;
		};
		67FAAC3E2BD86CB200F61F7F /* Build configuration list for PBXNativeTarget "doable" */ = {
			isa = XCConfigurationList;
			buildConfigurations = (
				67FAAC3F2BD86CB200F61F7F /* Debug */,
				67FAAC402BD86CB200F61F7F /* Release */,
			);
			defaultConfigurationIsVisible = 0;
			defaultConfigurationName = Release;
		};
/* End XCConfigurationList section */

/* Begin XCVersionGroup section */
		67FAAC332BD86CB000F61F7F /* doable.xcdatamodeld */ = {
			isa = XCVersionGroup;
			children = (
				67FAAC342BD86CB000F61F7F /* doable.xcdatamodel */,
			);
			currentVersion = 67FAAC342BD86CB000F61F7F /* doable.xcdatamodel */;
			path = doable.xcdatamodeld;
			sourceTree = "<group>";
			versionGroupType = wrapper.xcdatamodel;
		};
/* End XCVersionGroup section */
	};
	rootObject = 67FAAC1F2BD86CB000F61F7F /* Project object */;
}
